
Microsoft Visual Studio Solution File, Format Version 12.00
# Visual Studio 15
VisualStudioVersion = 15.0.26730.16
MinimumVisualStudioVersion = 10.0.40219.1
Project("{FAE04EC0-301F-11D3-BF4B-00C04F79EFBC}") = "Rukia [Bankai]", "Rukia [Bankai]\Rukia [Bankai].csproj", "{0BF65DEB-8C88-4C3D-8281-6BF538FED029}"
EndProject
Global
	GlobalSection(SolutionConfigurationPlatforms) = preSolution
		Debug|Any CPU = Debug|Any CPU
		Release|Any CPU = Release|Any CPU
	EndGlobalSection
	GlobalSection(ProjectConfigurationPlatforms) = postSolution
		{0BF65DEB-8C88-4C3D-8281-6BF538FED029}.Debug|Any CPU.ActiveCfg = Debug|Any CPU
		{0BF65DEB-8C88-4C3D-8281-6BF538FED029}.Debug|Any CPU.Build.0 = Debug|Any CPU
		{0BF65DEB-8C88-4C3D-8281-6BF538FED029}.Release|Any CPU.ActiveCfg = Release|Any CPU
		{0BF65DEB-8C88-4C3D-8281-6BF538FED029}.Release|Any CPU.Build.0 = Release|Any CPU
	EndGlobalSection
	GlobalSection(SolutionProperties) = preSolution
		HideSolutionNode = FALSE
	EndGlobalSection
	GlobalSection(ExtensibilityGlobals) = postSolution
		SolutionGuid = {699A5DE9-5E06-4DFE-9AC2-830C417A19D3}
	EndGlobalSection
EndGlobal
